github.com/AbhishekBagchi/kvdb v0.0.1 h1:cXngD7irR7uAN1Rg/FF0+dnihMF6fXyWwUxY/LjRapw=
github.com/AbhishekBagchi/kvdb v0.0.1/go.mod h1:xJMKh8l7k1oMkZQPwt2nzSqV/n8uDEJvuJsl/om6+vQ=
github.com/AbhishekBagchi/priorityqueue v0.0.1 h1:IlYabRQIjsgAMO7Yl33eRggkiLUfNtGFrVn6DhDfUDE=
github.com/AbhishekBagchi/priorityqueue v0.0.1/go.mod h1:b85PrC7zEzlNiGvKlwuX7LhTJT4rl0zgDgfB1Ia9v44=
